
Microsoft Visual Studio Solution File, Format Version 12.00
# Visual Studio Version 16
VisualStudioVersion = 16.0.30907.101
MinimumVisualStudioVersion = 10.0.40219.1
Project("{9A19103F-16F7-4668-BE54-9A1E7A4F7556}") = "Glasswall.CloudProxy.Api", "Source\Service\Glasswall.CloudProxy.Api.csproj", "{2A782180-576B-44B7-9B31-5B3C00573BE3}"
EndProject
Project("{FAE04EC0-301F-11D3-BF4B-00C04F79EFBC}") = "Glasswall.CloudProxy.Common", "Source\Common\Glasswall.CloudProxy.Common\Glasswall.CloudProxy.Common.csproj", "{370D290E-DB0D-4201-B273-BBCCC80600C4}"
EndProject
Project("{2150E333-8FDC-42A3-9474-1A3956D46DE8}") = "Common", "Common", "{FD5F1234-E2CE-4C39-B984-EA28446817E0}"
EndProject
Global
	GlobalSection(SolutionConfigurationPlatforms) = preSolution
		Debug|Any CPU = Debug|Any CPU
		Release|Any CPU = Release|Any CPU
	EndGlobalSection
	GlobalSection(ProjectConfigurationPlatforms) = postSolution
		{2A782180-576B-44B7-9B31-5B3C00573BE3}.Debug|Any CPU.ActiveCfg = Debug|Any CPU
		{2A782180-576B-44B7-9B31-5B3C00573BE3}.Debug|Any CPU.Build.0 = Debug|Any CPU
		{2A782180-576B-44B7-9B31-5B3C00573BE3}.Release|Any CPU.ActiveCfg = Release|Any CPU
		{2A782180-576B-44B7-9B31-5B3C00573BE3}.Release|Any CPU.Build.0 = Release|Any CPU
		{370D290E-DB0D-4201-B273-BBCCC80600C4}.Debug|Any CPU.ActiveCfg = Debug|Any CPU
		{370D290E-DB0D-4201-B273-BBCCC80600C4}.Debug|Any CPU.Build.0 = Debug|Any CPU
		{370D290E-DB0D-4201-B273-BBCCC80600C4}.Release|Any CPU.ActiveCfg = Release|Any CPU
		{370D290E-DB0D-4201-B273-BBCCC80600C4}.Release|Any CPU.Build.0 = Release|Any CPU
	EndGlobalSection
	GlobalSection(SolutionProperties) = preSolution
		HideSolutionNode = FALSE
	EndGlobalSection
	GlobalSection(NestedProjects) = preSolution
		{370D290E-DB0D-4201-B273-BBCCC80600C4} = {FD5F1234-E2CE-4C39-B984-EA28446817E0}
	EndGlobalSection
	GlobalSection(ExtensibilityGlobals) = postSolution
		SolutionGuid = {218550F7-5B09-43E8-838D-0FF5AA856FF9}
	EndGlobalSection
EndGlobal
